// !$*UTF8*$!
{
	archiveVersion = 1;
	classes = {
	};
	objectVersion = 46;
	objects = {

/* Begin PBXBuildFile section */
		4312BE9481E82374B4BD3A8F /* libPods-Auto Write.a in Frameworks */ = {isa = PBXBuildFile; fileRef = 496AEAFA1278DC4ADB60A443 /* libPods-Auto Write.a */; };
		990B420B1B4FB521009241FE /* DashboardTableViewCell.swift in Sources */ = {isa = PBXBuildFile; fileRef = 990B420A1B4FB521009241FE /* DashboardTableViewCell.swift */; };
		991C2F0C1B3989F300892ABD /* AppDelegate.swift in Sources */ = {isa = PBXBuildFile; fileRef = 991C2F0B1B3989F300892ABD /* AppDelegate.swift */; };
		991C2F0F1B3989F300892ABD /* Auto_Write.xcdatamodeld in Sources */ = {isa = PBXBuildFile; fileRef = 991C2F0D1B3989F300892ABD /* Auto_Write.xcdatamodeld */; };
		991C2F111B3989F300892ABD /* NewDocumentViewController.swift in Sources */ = {isa = PBXBuildFile; fileRef = 991C2F101B3989F300892ABD /* NewDocumentViewController.swift */; };
		991C2F141B3989F300892ABD /* Main.storyboard in Resources */ = {isa = PBXBuildFile; fileRef = 991C2F121B3989F300892ABD /* Main.storyboard */; };
		991C2F161B3989F300892ABD /* Images.xcassets in Resources */ = {isa = PBXBuildFile; fileRef = 991C2F151B3989F300892ABD /* Images.xcassets */; };
		991C2F191B3989F300892ABD /* LaunchScreen.xib in Resources */ = {isa = PBXBuildFile; fileRef = 991C2F171B3989F300892ABD /* LaunchScreen.xib */; };
		991C2F251B3989F400892ABD /* Auto_WriteTests.swift in Sources */ = {isa = PBXBuildFile; fileRef = 991C2F241B3989F400892ABD /* Auto_WriteTests.swift */; };
		991C2F331B398E5800892ABD /* tessdata in Resources */ = {isa = PBXBuildFile; fileRef = 991C2F321B398E5800892ABD /* tessdata */; };
		991C2F351B3A5E8700892ABD /* DashboardViewController.swift in Sources */ = {isa = PBXBuildFile; fileRef = 991C2F341B3A5E8700892ABD /* DashboardViewController.swift */; };
		992785571B5954D60045BF6D /* WSSliderNavbar.swift in Sources */ = {isa = PBXBuildFile; fileRef = 992785561B5954D60045BF6D /* WSSliderNavbar.swift */; };
		992785591B595C970045BF6D /* Testing2ViewController.swift in Sources */ = {isa = PBXBuildFile; fileRef = 992785581B595C970045BF6D /* Testing2ViewController.swift */; };
		9927855B1B5B6B2F0045BF6D /* CoreTextViewController.swift in Sources */ = {isa = PBXBuildFile; fileRef = 9927855A1B5B6B2F0045BF6D /* CoreTextViewController.swift */; };
		997E5C281B5E3A6800340DE5 /* sampleText.txt in Resources */ = {isa = PBXBuildFile; fileRef = 997E5C271B5E3A6800340DE5 /* sampleText.txt */; };
		999F4EDF1B50DC84009B4B6E /* Reachability.m in Sources */ = {isa = PBXBuildFile; fileRef = 999F4EDE1B50DC84009B4B6E /* Reachability.m */; };
		999F4EE11B50F835009B4B6E /* ColorsPallete.swift in Sources */ = {isa = PBXBuildFile; fileRef = 999F4EE01B50F835009B4B6E /* ColorsPallete.swift */; };
		999F4EE51B511E8F009B4B6E /* TabBarController.swift in Sources */ = {isa = PBXBuildFile; fileRef = 999F4EE41B511E8F009B4B6E /* TabBarController.swift */; };
		999F4EE71B515A61009B4B6E /* ShowDocumentNavigationController.swift in Sources */ = {isa = PBXBuildFile; fileRef = 999F4EE61B515A61009B4B6E /* ShowDocumentNavigationController.swift */; };
		99A391E31B4BB10F00C18E40 /* CollectionViewController.swift in Sources */ = {isa = PBXBuildFile; fileRef = 99A391E21B4BB10F00C18E40 /* CollectionViewController.swift */; };
		99A391E51B4BB32700C18E40 /* DownloadDocumentViewController.swift in Sources */ = {isa = PBXBuildFile; fileRef = 99A391E41B4BB32700C18E40 /* DownloadDocumentViewController.swift */; };
		99A391E71B4BC91E00C18E40 /* DownloadDocumentCollectionViewCell.swift in Sources */ = {isa = PBXBuildFile; fileRef = 99A391E61B4BC91E00C18E40 /* DownloadDocumentCollectionViewCell.swift */; };
		99A391E91B4E244A00C18E40 /* LoginViewController.swift in Sources */ = {isa = PBXBuildFile; fileRef = 99A391E81B4E244A00C18E40 /* LoginViewController.swift */; };
		99BA15C01B3A734300352E6F /* NewDocumentSettingsTableViewController.swift in Sources */ = {isa = PBXBuildFile; fileRef = 99BA15BF1B3A734300352E6F /* NewDocumentSettingsTableViewController.swift */; };
		99C5E8531B57617700011AE6 /* PrintingViewController.swift in Sources */ = {isa = PBXBuildFile; fileRef = 99C5E8521B57617700011AE6 /* PrintingViewController.swift */; };
		99D105081B5F8747003BD200 /* WSPagePreview.swift in Sources */ = {isa = PBXBuildFile; fileRef = 99D105071B5F8747003BD200 /* WSPagePreview.swift */; };
		99D84AB11B4A6054003EDD9E /* EditDocumentViewController.swift in Sources */ = {isa = PBXBuildFile; fileRef = 99D84AB01B4A6054003EDD9E /* EditDocumentViewController.swift */; };
		99EDD7891B4654DF00B00284 /* Bolts.framework in Frameworks */ = {isa = PBXBuildFile; fileRef = 99EDD7871B4654DF00B00284 /* Bolts.framework */; };
		99EDD78A1B4654DF00B00284 /* Parse.framework in Frameworks */ = {isa = PBXBuildFile; fileRef = 99EDD7881B4654DF00B00284 /* Parse.framework */; };
		99EDD78C1B46553000B00284 /* AudioToolbox.framework in Frameworks */ = {isa = PBXBuildFile; fileRef = 99EDD78B1B46553000B00284 /* AudioToolbox.framework */; };
		99EDD78E1B46553500B00284 /* CFNetwork.framework in Frameworks */ = {isa = PBXBuildFile; fileRef = 99EDD78D1B46553500B00284 /* CFNetwork.framework */; };
		99EDD7901B46553B00B00284 /* CoreGraphics.framework in Frameworks */ = {isa = PBXBuildFile; fileRef = 99EDD78F1B46553B00B00284 /* CoreGraphics.framework */; };
		99EDD7921B46554000B00284 /* CoreLocation.framework in Frameworks */ = {isa = PBXBuildFile; fileRef = 99EDD7911B46554000B00284 /* CoreLocation.framework */; };
		99EDD7941B46554700B00284 /* MobileCoreServices.framework in Frameworks */ = {isa = PBXBuildFile; fileRef = 99EDD7931B46554700B00284 /* MobileCoreServices.framework */; };
		99EDD7961B46554E00B00284 /* QuartzCore.framework in Frameworks */ = {isa = PBXBuildFile; fileRef = 99EDD7951B46554E00B00284 /* QuartzCore.framework */; };
		99EDD7981B46555400B00284 /* Security.framework in Frameworks */ = {isa = PBXBuildFile; fileRef = 99EDD7971B46555400B00284 /* Security.framework */; };
		99EDD79C1B46556000B00284 /* SystemConfiguration.framework in Frameworks */ = {isa = PBXBuildFile; fileRef = 99EDD79B1B46556000B00284 /* SystemConfiguration.framework */; };
		99EDD79E1B46556A00B00284 /* libz.dylib in Frameworks */ = {isa = PBXBuildFile; fileRef = 99EDD79D1B46556A00B00284 /* libz.dylib */; };
		99EDD7A01B46557300B00284 /* libsqlite3.dylib in Frameworks */ = {isa = PBXBuildFile; fileRef = 99EDD79F1B46557300B00284 /* libsqlite3.dylib */; };
		99EDD7A21B46579B00B00284 /* Accounts.framework in Frameworks */ = {isa = PBXBuildFile; fileRef = 99EDD7A11B46579B00B00284 /* Accounts.framework */; };
		99EDD7A41B4657A000B00284 /* Social.framework in Frameworks */ = {isa = PBXBuildFile; fileRef = 99EDD7A31B4657A000B00284 /* Social.framework */; };
		99EDD7A61B4662D400B00284 /* IntDate.swift in Sources */ = {isa = PBXBuildFile; fileRef = 99EDD7A51B4662D400B00284 /* IntDate.swift */; };
		99EDD7AC1B466CDE00B00284 /* Documents.swift in Sources */ = {isa = PBXBuildFile; fileRef = 99EDD7AB1B466CDE00B00284 /* Documents.swift */; };
		99EDD7AE1B466CDE00B00284 /* Questions.swift in Sources */ = {isa = PBXBuildFile; fileRef = 99EDD7AD1B466CDE00B00284 /* Questions.swift */; };
		99EDD7B01B46704800B00284 /* ShowDocumentViewController.swift in Sources */ = {isa = PBXBuildFile; fileRef = 99EDD7AF1B46704800B00284 /* ShowDocumentViewController.swift */; };
		99EDD7B21B46720D00B00284 /* ShowDocumentTableViewCell.swift in Sources */ = {isa = PBXBuildFile; fileRef = 99EDD7B11B46720D00B00284 /* ShowDocumentTableViewCell.swift */; };
		99FEDB5E1B3BEDA6000FE88D /* ShowDocumentDetailViewController.swift in Sources */ = {isa = PBXBuildFile; fileRef = 99FEDB5D1B3BEDA6000FE88D /* ShowDocumentDetailViewController.swift */; };
		99FEDB601B3D0018000FE88D /* ShowDocumentDetailTableViewCell.swift in Sources */ = {isa = PBXBuildFile; fileRef = 99FEDB5F1B3D0018000FE88D /* ShowDocumentDetailTableViewCell.swift */; };
		99FEDB621B3D3C56000FE88D /* AWSCognitoCredentials.swift in Sources */ = {isa = PBXBuildFile; fileRef = 99FEDB611B3D3C56000FE88D /* AWSCognitoCredentials.swift */; };
		99FEDB641B412201000FE88D /* DocumentDB.swift in Sources */ = {isa = PBXBuildFile; fileRef = 99FEDB631B412201000FE88D /* DocumentDB.swift */; };
		99FEDB661B413BAB000FE88D /* AWSDynamoDB.swift in Sources */ = {isa = PBXBuildFile; fileRef = 99FEDB651B413BAB000FE88D /* AWSDynamoDB.swift */; };
		99FEDB681B414FA3000FE88D /* QuestionDB.swift in Sources */ = {isa = PBXBuildFile; fileRef = 99FEDB671B414FA3000FE88D /* QuestionDB.swift */; };
/* End PBXBuildFile section */

/* Begin PBXContainerItemProxy section */
		991C2F1F1B3989F400892ABD /* PBXContainerItemProxy */ = {
			isa = PBXContainerItemProxy;
			containerPortal = 991C2EFE1B3989F300892ABD /* Project object */;
			proxyType = 1;
			remoteGlobalIDString = 991C2F051B3989F300892ABD;
			remoteInfo = "Auto Write";
		};
/* End PBXContainerItemProxy section */

/* Begin PBXFileReference section */
		496AEAFA1278DC4ADB60A443 /* libPods-Auto Write.a */ = {isa = PBXFileReference; explicitFileType = archive.ar; includeInIndex = 0; path = "libPods-Auto Write.a"; sourceTree = BUILT_PRODUCTS_DIR; };
		990B420A1B4FB521009241FE /* DashboardTableViewCell.swift */ = {isa = PBXFileReference; fileEncoding = 4; lastKnownFileType = sourcecode.swift; path = DashboardTableViewCell.swift; sourceTree = "<group>"; };
		991C2F061B3989F300892ABD /* Auto Write.app */ = {isa = PBXFileReference; explicitFileType = wrapper.application; includeInIndex = 0; path = "Auto Write.app"; sourceTree = BUILT_PRODUCTS_DIR; };
		991C2F0A1B3989F300892ABD /* Info.plist */ = {isa = PBXFileReference; lastKnownFileType = text.plist.xml; path = Info.plist; sourceTree = "<group>"; };
		991C2F0B1B3989F300892ABD /* AppDelegate.swift */ = {isa = PBXFileReference; lastKnownFileType = sourcecode.swift; path = AppDelegate.swift; sourceTree = "<group>"; };
		991C2F0E1B3989F300892ABD /* Auto_Write.xcdatamodel */ = {isa = PBXFileReference; lastKnownFileType = wrapper.xcdatamodel; path = Auto_Write.xcdatamodel; sourceTree = "<group>"; };
		991C2F101B3989F300892ABD /* NewDocumentViewController.swift */ = {isa = PBXFileReference; lastKnownFileType = sourcecode.swift; path = NewDocumentViewController.swift; sourceTree = "<group>"; };
		991C2F131B3989F300892ABD /* Base */ = {isa = PBXFileReference; lastKnownFileType = file.storyboard; name = Base; path = Base.lproj/Main.storyboard; sourceTree = "<group>"; };
		991C2F151B3989F300892ABD /* Images.xcassets */ = {isa = PBXFileReference; lastKnownFileType = folder.assetcatalog; path = Images.xcassets; sourceTree = "<group>"; };
		991C2F181B3989F300892ABD /* Base */ = {isa = PBXFileReference; lastKnownFileType = file.xib; name = Base; path = Base.lproj/LaunchScreen.xib; sourceTree = "<group>"; };
		991C2F1E1B3989F400892ABD /* Auto WriteTests.xctest */ = {isa = PBXFileReference; explicitFileType = wrapper.cfbundle; includeInIndex = 0; path = "Auto WriteTests.xctest"; sourceTree = BUILT_PRODUCTS_DIR; };
		991C2F231B3989F400892ABD /* Info.plist */ = {isa = PBXFileReference; lastKnownFileType = text.plist.xml; path = Info.plist; sourceTree = "<group>"; };
		991C2F241B3989F400892ABD /* Auto_WriteTests.swift */ = {isa = PBXFileReference; lastKnownFileType = sourcecode.swift; path = Auto_WriteTests.swift; sourceTree = "<group>"; };
		991C2F2E1B398A6800892ABD /* Auto Write-Bridging-Header.h */ = {isa = PBXFileReference; lastKnownFileType = sourcecode.c.h; path = "Auto Write-Bridging-Header.h"; sourceTree = "<group>"; };
		991C2F321B398E5800892ABD /* tessdata */ = {isa = PBXFileReference; lastKnownFileType = folder; path = tessdata; sourceTree = "<group>"; };
		991C2F341B3A5E8700892ABD /* DashboardViewController.swift */ = {isa = PBXFileReference; fileEncoding = 4; lastKnownFileType = sourcecode.swift; path = DashboardViewController.swift; sourceTree = "<group>"; };
		992785561B5954D60045BF6D /* WSSliderNavbar.swift */ = {isa = PBXFileReference; fileEncoding = 4; lastKnownFileType = sourcecode.swift; path = WSSliderNavbar.swift; sourceTree = "<group>"; };
		992785581B595C970045BF6D /* Testing2ViewController.swift */ = {isa = PBXFileReference; fileEncoding = 4; lastKnownFileType = sourcecode.swift; path = Testing2ViewController.swift; sourceTree = "<group>"; };
		9927855A1B5B6B2F0045BF6D /* CoreTextViewController.swift */ = {isa = PBXFileReference; fileEncoding = 4; lastKnownFileType = sourcecode.swift; path = CoreTextViewController.swift; sourceTree = "<group>"; };
		997E5C271B5E3A6800340DE5 /* sampleText.txt */ = {isa = PBXFileReference; fileEncoding = 4; lastKnownFileType = text; name = sampleText.txt; path = ../../../Desktop/sampleText.txt; sourceTree = "<group>"; };
		999F4EDD1B50DC84009B4B6E /* Reachability.h */ = {isa = PBXFileReference; fileEncoding = 4; lastKnownFileType = sourcecode.c.h; path = Reachability.h; sourceTree = "<group>"; };
		999F4EDE1B50DC84009B4B6E /* Reachability.m */ = {isa = PBXFileReference; fileEncoding = 4; lastKnownFileType = sourcecode.c.objc; path = Reachability.m; sourceTree = "<group>"; };
		999F4EE01B50F835009B4B6E /* ColorsPallete.swift */ = {isa = PBXFileReference; fileEncoding = 4; lastKnownFileType = sourcecode.swift; path = ColorsPallete.swift; sourceTree = "<group>"; };
		999F4EE41B511E8F009B4B6E /* TabBarController.swift */ = {isa = PBXFileReference; fileEncoding = 4; lastKnownFileType = sourcecode.swift; path = TabBarController.swift; sourceTree = "<group>"; };
		999F4EE61B515A61009B4B6E /* ShowDocumentNavigationController.swift */ = {isa = PBXFileReference; fileEncoding = 4; lastKnownFileType = sourcecode.swift; path = ShowDocumentNavigationController.swift; sourceTree = "<group>"; };
		99A391E21B4BB10F00C18E40 /* CollectionViewController.swift */ = {isa = PBXFileReference; fileEncoding = 4; lastKnownFileType = sourcecode.swift; path = CollectionViewController.swift; sourceTree = "<group>"; };
		99A391E41B4BB32700C18E40 /* DownloadDocumentViewController.swift */ = {isa = PBXFileReference; fileEncoding = 4; lastKnownFileType = sourcecode.swift; path = DownloadDocumentViewController.swift; sourceTree = "<group>"; };
		99A391E61B4BC91E00C18E40 /* DownloadDocumentCollectionViewCell.swift */ = {isa = PBXFileReference; fileEncoding = 4; lastKnownFileType = sourcecode.swift; path = DownloadDocumentCollectionViewCell.swift; sourceTree = "<group>"; };
		99A391E81B4E244A00C18E40 /* LoginViewController.swift */ = {isa = PBXFileReference; fileEncoding = 4; lastKnownFileType = sourcecode.swift; path = LoginViewController.swift; sourceTree = "<group>"; };
		99BA15BF1B3A734300352E6F /* NewDocumentSettingsTableViewController.swift */ = {isa = PBXFileReference; fileEncoding = 4; lastKnownFileType = sourcecode.swift; path = NewDocumentSettingsTableViewController.swift; sourceTree = "<group>"; };
		99C5E8501B53ACEC00011AE6 /* libPods-Auto Write-FoldingTabBar.a */ = {isa = PBXFileReference; lastKnownFileType = archive.ar; name = "libPods-Auto Write-FoldingTabBar.a"; path = "Pods/../build/Debug-iphoneos/libPods-Auto Write-FoldingTabBar.a"; sourceTree = "<group>"; };
		99C5E8521B57617700011AE6 /* PrintingViewController.swift */ = {isa = PBXFileReference; fileEncoding = 4; lastKnownFileType = sourcecode.swift; path = PrintingViewController.swift; sourceTree = "<group>"; };
		99D105071B5F8747003BD200 /* WSPagePreview.swift */ = {isa = PBXFileReference; fileEncoding = 4; lastKnownFileType = sourcecode.swift; path = WSPagePreview.swift; sourceTree = "<group>"; };
		99D84AB01B4A6054003EDD9E /* EditDocumentViewController.swift */ = {isa = PBXFileReference; fileEncoding = 4; lastKnownFileType = sourcecode.swift; path = EditDocumentViewController.swift; sourceTree = "<group>"; };
		99EDD77E1B46348B00B00284 /* MyPlayground.playground */ = {isa = PBXFileReference; lastKnownFileType = file.playground; path = MyPlayground.playground; sourceTree = "<group>"; };
		99EDD7871B4654DF00B00284 /* Bolts.framework */ = {isa = PBXFileReference; lastKnownFileType = wrapper.framework; path = Bolts.framework; sourceTree = "<group>"; };
		99EDD7881B4654DF00B00284 /* Parse.framework */ = {isa = PBXFileReference; lastKnownFileType = wrapper.framework; path = Parse.framework; sourceTree = "<group>"; };
		99EDD78B1B46553000B00284 /* AudioToolbox.framework */ = {isa = PBXFileReference; lastKnownFileType = wrapper.framework; name = AudioToolbox.framework; path = System/Library/Frameworks/AudioToolbox.framework; sourceTree = SDKROOT; };
		99EDD78D1B46553500B00284 /* CFNetwork.framework */ = {isa = PBXFileReference; lastKnownFileType = wrapper.framework; name = CFNetwork.framework; path = System/Library/Frameworks/CFNetwork.framework; sourceTree = SDKROOT; };
		99EDD78F1B46553B00B00284 /* CoreGraphics.framework */ = {isa = PBXFileReference; lastKnownFileType = wrapper.framework; name = CoreGraphics.framework; path = System/Library/Frameworks/CoreGraphics.framework; sourceTree = SDKROOT; };
		99EDD7911B46554000B00284 /* CoreLocation.framework */ = {isa = PBXFileReference; lastKnownFileType = wrapper.framework; name = CoreLocation.framework; path = System/Library/Frameworks/CoreLocation.framework; sourceTree = SDKROOT; };
		99EDD7931B46554700B00284 /* MobileCoreServices.framework */ = {isa = PBXFileReference; lastKnownFileType = wrapper.framework; name = MobileCoreServices.framework; path = System/Library/Frameworks/MobileCoreServices.framework; sourceTree = SDKROOT; };
		99EDD7951B46554E00B00284 /* QuartzCore.framework */ = {isa = PBXFileReference; lastKnownFileType = wrapper.framework; name = QuartzCore.framework; path = System/Library/Frameworks/QuartzCore.framework; sourceTree = SDKROOT; };
		99EDD7971B46555400B00284 /* Security.framework */ = {isa = PBXFileReference; lastKnownFileType = wrapper.framework; name = Security.framework; path = System/Library/Frameworks/Security.framework; sourceTree = SDKROOT; };
		99EDD79B1B46556000B00284 /* SystemConfiguration.framework */ = {isa = PBXFileReference; lastKnownFileType = wrapper.framework; name = SystemConfiguration.framework; path = System/Library/Frameworks/SystemConfiguration.framework; sourceTree = SDKROOT; };
		99EDD79D1B46556A00B00284 /* libz.dylib */ = {isa = PBXFileReference; lastKnownFileType = "compiled.mach-o.dylib"; name = libz.dylib; path = usr/lib/libz.dylib; sourceTree = SDKROOT; };
		99EDD79F1B46557300B00284 /* libsqlite3.dylib */ = {isa = PBXFileReference; lastKnownFileType = "compiled.mach-o.dylib"; name = libsqlite3.dylib; path = usr/lib/libsqlite3.dylib; sourceTree = SDKROOT; };
		99EDD7A11B46579B00B00284 /* Accounts.framework */ = {isa = PBXFileReference; lastKnownFileType = wrapper.framework; name = Accounts.framework; path = System/Library/Frameworks/Accounts.framework; sourceTree = SDKROOT; };
		99EDD7A31B4657A000B00284 /* Social.framework */ = {isa = PBXFileReference; lastKnownFileType = wrapper.framework; name = Social.framework; path = System/Library/Frameworks/Social.framework; sourceTree = SDKROOT; };
		99EDD7A51B4662D400B00284 /* IntDate.swift */ = {isa = PBXFileReference; fileEncoding = 4; lastKnownFileType = sourcecode.swift; path = IntDate.swift; sourceTree = "<group>"; };
		99EDD7AB1B466CDE00B00284 /* Documents.swift */ = {isa = PBXFileReference; fileEncoding = 4; lastKnownFileType = sourcecode.swift; path = Documents.swift; sourceTree = "<group>"; };
		99EDD7AD1B466CDE00B00284 /* Questions.swift */ = {isa = PBXFileReference; fileEncoding = 4; lastKnownFileType = sourcecode.swift; path = Questions.swift; sourceTree = "<group>"; };
		99EDD7AF1B46704800B00284 /* ShowDocumentViewController.swift */ = {isa = PBXFileReference; fileEncoding = 4; lastKnownFileType = sourcecode.swift; path = ShowDocumentViewController.swift; sourceTree = "<group>"; };
		99EDD7B11B46720D00B00284 /* ShowDocumentTableViewCell.swift */ = {isa = PBXFileReference; fileEncoding = 4; lastKnownFileType = sourcecode.swift; path = ShowDocumentTableViewCell.swift; sourceTree = "<group>"; };
		99FEDB5D1B3BEDA6000FE88D /* ShowDocumentDetailViewController.swift */ = {isa = PBXFileReference; fileEncoding = 4; lastKnownFileType = sourcecode.swift; path = ShowDocumentDetailViewController.swift; sourceTree = "<group>"; };
		99FEDB5F1B3D0018000FE88D /* ShowDocumentDetailTableViewCell.swift */ = {isa = PBXFileReference; fileEncoding = 4; lastKnownFileType = sourcecode.swift; path = ShowDocumentDetailTableViewCell.swift; sourceTree = "<group>"; };
		99FEDB611B3D3C56000FE88D /* AWSCognitoCredentials.swift */ = {isa = PBXFileReference; fileEncoding = 4; lastKnownFileType = sourcecode.swift; path = AWSCognitoCredentials.swift; sourceTree = "<group>"; };
		99FEDB631B412201000FE88D /* DocumentDB.swift */ = {isa = PBXFileReference; fileEncoding = 4; lastKnownFileType = sourcecode.swift; path = DocumentDB.swift; sourceTree = "<group>"; };
		99FEDB651B413BAB000FE88D /* AWSDynamoDB.swift */ = {isa = PBXFileReference; fileEncoding = 4; lastKnownFileType = sourcecode.swift; path = AWSDynamoDB.swift; sourceTree = "<group>"; };
		99FEDB671B414FA3000FE88D /* QuestionDB.swift */ = {isa = PBXFileReference; fileEncoding = 4; lastKnownFileType = sourcecode.swift; path = QuestionDB.swift; sourceTree = "<group>"; };
		CE1DE9973485679C3135A40D /* Pods-Auto Write.release.xcconfig */ = {isa = PBXFileReference; includeInIndex = 1; lastKnownFileType = text.xcconfig; name = "Pods-Auto Write.release.xcconfig"; path = "Pods/Target Support Files/Pods-Auto Write/Pods-Auto Write.release.xcconfig"; sourceTree = "<group>"; };
		F49D6271056093B81A8EC73F /* Pods-Auto Write.debug.xcconfig */ = {isa = PBXFileReference; includeInIndex = 1; lastKnownFileType = text.xcconfig; name = "Pods-Auto Write.debug.xcconfig"; path = "Pods/Target Support Files/Pods-Auto Write/Pods-Auto Write.debug.xcconfig"; sourceTree = "<group>"; };
/* End PBXFileReference section */

/* Begin PBXFrameworksBuildPhase section */
		991C2F031B3989F300892ABD /* Frameworks */ = {
			isa = PBXFrameworksBuildPhase;
			buildActionMask = 2147483647;
			files = (
				99EDD7A41B4657A000B00284 /* Social.framework in Frameworks */,
				99EDD7A21B46579B00B00284 /* Accounts.framework in Frameworks */,
				99EDD7A01B46557300B00284 /* libsqlite3.dylib in Frameworks */,
				99EDD79E1B46556A00B00284 /* libz.dylib in Frameworks */,
				99EDD79C1B46556000B00284 /* SystemConfiguration.framework in Frameworks */,
				99EDD7981B46555400B00284 /* Security.framework in Frameworks */,
				99EDD7961B46554E00B00284 /* QuartzCore.framework in Frameworks */,
				99EDD7941B46554700B00284 /* MobileCoreServices.framework in Frameworks */,
				99EDD7921B46554000B00284 /* CoreLocation.framework in Frameworks */,
				99EDD7901B46553B00B00284 /* CoreGraphics.framework in Frameworks */,
				99EDD78E1B46553500B00284 /* CFNetwork.framework in Frameworks */,
				99EDD78C1B46553000B00284 /* AudioToolbox.framework in Frameworks */,
				99EDD78A1B4654DF00B00284 /* Parse.framework in Frameworks */,
				99EDD7891B4654DF00B00284 /* Bolts.framework in Frameworks */,
				4312BE9481E82374B4BD3A8F /* libPods-Auto Write.a in Frameworks */,
			);
			runOnlyForDeploymentPostprocessing = 0;
		};
		991C2F1B1B3989F400892ABD /* Frameworks */ = {
			isa = PBXFrameworksBuildPhase;
			buildActionMask = 2147483647;
			files = (
			);
			runOnlyForDeploymentPostprocessing = 0;
		};
/* End PBXFrameworksBuildPhase section */

/* Begin PBXGroup section */
		991C2EFD1B3989F300892ABD = {
			isa = PBXGroup;
			children = (
				991C2F081B3989F300892ABD /* Auto Write */,
				991C2F211B3989F400892ABD /* Auto WriteTests */,
				991C2F071B3989F300892ABD /* Products */,
				C821EB8B30F7403D9A6F35A9 /* Pods */,
				AA42CC36424E482739E5387A /* Frameworks */,
				99A391EA1B4F6F6800C18E40 /* Third-Party Libraries */,
			);
			sourceTree = "<group>";
		};
		991C2F071B3989F300892ABD /* Products */ = {
			isa = PBXGroup;
			children = (
				991C2F061B3989F300892ABD /* Auto Write.app */,
				991C2F1E1B3989F400892ABD /* Auto WriteTests.xctest */,
			);
			name = Products;
			sourceTree = "<group>";
		};
		991C2F081B3989F300892ABD /* Auto Write */ = {
			isa = PBXGroup;
			children = (
				997E5C271B5E3A6800340DE5 /* sampleText.txt */,
				992785581B595C970045BF6D /* Testing2ViewController.swift */,
				9927855A1B5B6B2F0045BF6D /* CoreTextViewController.swift */,
				99D105071B5F8747003BD200 /* WSPagePreview.swift */,
				992785561B5954D60045BF6D /* WSSliderNavbar.swift */,
				99C5E8521B57617700011AE6 /* PrintingViewController.swift */,
				99BA15BB1B3A6A2100352E6F /* Language pack */,
				99BA15BC1B3A6A3F00352E6F /* Model */,
				999F4EE41B511E8F009B4B6E /* TabBarController.swift */,
				999F4EE61B515A61009B4B6E /* ShowDocumentNavigationController.swift */,
				99A391E81B4E244A00C18E40 /* LoginViewController.swift */,
				99BA15BF1B3A734300352E6F /* NewDocumentSettingsTableViewController.swift */,
				991C2F101B3989F300892ABD /* NewDocumentViewController.swift */,
				99EDD7AF1B46704800B00284 /* ShowDocumentViewController.swift */,
				99D84AB01B4A6054003EDD9E /* EditDocumentViewController.swift */,
				99FEDB5D1B3BEDA6000FE88D /* ShowDocumentDetailViewController.swift */,
				99A391E41B4BB32700C18E40 /* DownloadDocumentViewController.swift */,
				991C2F121B3989F300892ABD /* Main.storyboard */,
				991C2F151B3989F300892ABD /* Images.xcassets */,
				991C2F171B3989F300892ABD /* LaunchScreen.xib */,
				991C2F0D1B3989F300892ABD /* Auto_Write.xcdatamodeld */,
				99C5E84E1B53947500011AE6 /* Unused Class */,
				991C2F091B3989F300892ABD /* Supporting Files */,
			);
			path = "Auto Write";
			sourceTree = "<group>";
		};
		991C2F091B3989F300892ABD /* Supporting Files */ = {
			isa = PBXGroup;
			children = (
				991C2F0B1B3989F300892ABD /* AppDelegate.swift */,
				991C2F0A1B3989F300892ABD /* Info.plist */,
				991C2F2E1B398A6800892ABD /* Auto Write-Bridging-Header.h */,
				99EDD77E1B46348B00B00284 /* MyPlayground.playground */,
			);
			name = "Supporting Files";
			sourceTree = "<group>";
		};
		991C2F211B3989F400892ABD /* Auto WriteTests */ = {
			isa = PBXGroup;
			children = (
				991C2F241B3989F400892ABD /* Auto_WriteTests.swift */,
				991C2F221B3989F400892ABD /* Supporting Files */,
			);
			path = "Auto WriteTests";
			sourceTree = "<group>";
		};
		991C2F221B3989F400892ABD /* Supporting Files */ = {
			isa = PBXGroup;
			children = (
				991C2F231B3989F400892ABD /* Info.plist */,
			);
			name = "Supporting Files";
			sourceTree = "<group>";
		};
		99A391EA1B4F6F6800C18E40 /* Third-Party Libraries */ = {
			isa = PBXGroup;
			children = (
				999F4EDD1B50DC84009B4B6E /* Reachability.h */,
				999F4EDE1B50DC84009B4B6E /* Reachability.m */,
			);
			name = "Third-Party Libraries";
			path = "Auto Write";
			sourceTree = "<group>";
		};
		99BA15BB1B3A6A2100352E6F /* Language pack */ = {
			isa = PBXGroup;
			children = (
				991C2F321B398E5800892ABD /* tessdata */,
			);
			name = "Language pack";
			sourceTree = "<group>";
		};
		99BA15BC1B3A6A3F00352E6F /* Model */ = {
			isa = PBXGroup;
			children = (
				99EDD7AB1B466CDE00B00284 /* Documents.swift */,
				99EDD7AD1B466CDE00B00284 /* Questions.swift */,
				99EDD7A51B4662D400B00284 /* IntDate.swift */,
				99EDD7B11B46720D00B00284 /* ShowDocumentTableViewCell.swift */,
				99FEDB5F1B3D0018000FE88D /* ShowDocumentDetailTableViewCell.swift */,
				99A391E61B4BC91E00C18E40 /* DownloadDocumentCollectionViewCell.swift */,
				999F4EE01B50F835009B4B6E /* ColorsPallete.swift */,
			);
			name = Model;
			sourceTree = "<group>";
		};
		99C5E84E1B53947500011AE6 /* Unused Class */ = {
			isa = PBXGroup;
			children = (
				99C5E84F1B53948A00011AE6 /* Model */,
				991C2F341B3A5E8700892ABD /* DashboardViewController.swift */,
			);
			name = "Unused Class";
			sourceTree = "<group>";
		};
		99C5E84F1B53948A00011AE6 /* Model */ = {
			isa = PBXGroup;
			children = (
				99A391E21B4BB10F00C18E40 /* CollectionViewController.swift */,
				990B420A1B4FB521009241FE /* DashboardTableViewCell.swift */,
				99FEDB611B3D3C56000FE88D /* AWSCognitoCredentials.swift */,
				99FEDB651B413BAB000FE88D /* AWSDynamoDB.swift */,
				99FEDB631B412201000FE88D /* DocumentDB.swift */,
				99FEDB671B414FA3000FE88D /* QuestionDB.swift */,
			);
			name = Model;
			sourceTree = "<group>";
		};
		AA42CC36424E482739E5387A /* Frameworks */ = {
			isa = PBXGroup;
			children = (
				99C5E8501B53ACEC00011AE6 /* libPods-Auto Write-FoldingTabBar.a */,
				99EDD7A31B4657A000B00284 /* Social.framework */,
				99EDD7A11B46579B00B00284 /* Accounts.framework */,
				99EDD79F1B46557300B00284 /* libsqlite3.dylib */,
				99EDD79D1B46556A00B00284 /* libz.dylib */,
				99EDD79B1B46556000B00284 /* SystemConfiguration.framework */,
				99EDD7971B46555400B00284 /* Security.framework */,
				99EDD7951B46554E00B00284 /* QuartzCore.framework */,
				99EDD7931B46554700B00284 /* MobileCoreServices.framework */,
				99EDD7911B46554000B00284 /* CoreLocation.framework */,
				99EDD78F1B46553B00B00284 /* CoreGraphics.framework */,
				99EDD78D1B46553500B00284 /* CFNetwork.framework */,
				99EDD78B1B46553000B00284 /* AudioToolbox.framework */,
				99EDD7871B4654DF00B00284 /* Bolts.framework */,
				99EDD7881B4654DF00B00284 /* Parse.framework */,
				496AEAFA1278DC4ADB60A443 /* libPods-Auto Write.a */,
			);
			name = Frameworks;
			sourceTree = "<group>";
		};
		C821EB8B30F7403D9A6F35A9 /* Pods */ = {
			isa = PBXGroup;
			children = (
				F49D6271056093B81A8EC73F /* Pods-Auto Write.debug.xcconfig */,
				CE1DE9973485679C3135A40D /* Pods-Auto Write.release.xcconfig */,
			);
			name = Pods;
			sourceTree = "<group>";
		};
/* End PBXGroup section */

/* Begin PBXNativeTarget section */
		991C2F051B3989F300892ABD /* Auto Write */ = {
			isa = PBXNativeTarget;
			buildConfigurationList = 991C2F281B3989F400892ABD /* Build configuration list for PBXNativeTarget "Auto Write" */;
			buildPhases = (
				C5B1B9F664C60519EE64D8EA /* Check Pods Manifest.lock */,
				991C2F021B3989F300892ABD /* Sources */,
				991C2F031B3989F300892ABD /* Frameworks */,
				991C2F041B3989F300892ABD /* Resources */,
				68E5E7101E9EA62094941928 /* Copy Pods Resources */,
			);
			buildRules = (
			);
			dependencies = (
			);
			name = "Auto Write";
			productName = "Auto Write";
			productReference = 991C2F061B3989F300892ABD /* Auto Write.app */;
			productType = "com.apple.product-type.application";
		};
		991C2F1D1B3989F400892ABD /* Auto WriteTests */ = {
			isa = PBXNativeTarget;
			buildConfigurationList = 991C2F2B1B3989F400892ABD /* Build configuration list for PBXNativeTarget "Auto WriteTests" */;
			buildPhases = (
				991C2F1A1B3989F400892ABD /* Sources */,
				991C2F1B1B3989F400892ABD /* Frameworks */,
				991C2F1C1B3989F400892ABD /* Resources */,
			);
			buildRules = (
			);
			dependencies = (
				991C2F201B3989F400892ABD /* PBXTargetDependency */,
			);
			name = "Auto WriteTests";
			productName = "Auto WriteTests";
			productReference = 991C2F1E1B3989F400892ABD /* Auto WriteTests.xctest */;
			productType = "com.apple.product-type.bundle.unit-test";
		};
/* End PBXNativeTarget section */

/* Begin PBXProject section */
		991C2EFE1B3989F300892ABD /* Project object */ = {
			isa = PBXProject;
			attributes = {
				LastUpgradeCheck = 0630;
				ORGANIZATIONNAME = "wirawan sanusi";
				TargetAttributes = {
					991C2F051B3989F300892ABD = {
						CreatedOnToolsVersion = 6.3.2;
						DevelopmentTeam = YXYNTPGG55;
						SystemCapabilities = {
							com.apple.InAppPurchase = {
								enabled = 0;
							};
						};
					};
					991C2F1D1B3989F400892ABD = {
						CreatedOnToolsVersion = 6.3.2;
						TestTargetID = 991C2F051B3989F300892ABD;
					};
				};
			};
			buildConfigurationList = 991C2F011B3989F300892ABD /* Build configuration list for PBXProject "Auto Write" */;
			compatibilityVersion = "Xcode 3.2";
			developmentRegion = English;
			hasScannedForEncodings = 0;
			knownRegions = (
				en,
				Base,
			);
			mainGroup = 991C2EFD1B3989F300892ABD;
			productRefGroup = 991C2F071B3989F300892ABD /* Products */;
			projectDirPath = "";
			projectRoot = "";
			targets = (
				991C2F051B3989F300892ABD /* Auto Write */,
				991C2F1D1B3989F400892ABD /* Auto WriteTests */,
			);
		};
/* End PBXProject section */

/* Begin PBXResourcesBuildPhase section */
		991C2F041B3989F300892ABD /* Resources */ = {
			isa = PBXResourcesBuildPhase;
			buildActionMask = 2147483647;
			files = (
				991C2F141B3989F300892ABD /* Main.storyboard in Resources */,
				991C2F331B398E5800892ABD /* tessdata in Resources */,
				991C2F191B3989F300892ABD /* LaunchScreen.xib in Resources */,
				997E5C281B5E3A6800340DE5 /* sampleText.txt in Resources */,
				991C2F161B3989F300892ABD /* Images.xcassets in Resources */,
			);
			runOnlyForDeploymentPostprocessing = 0;
		};
		991C2F1C1B3989F400892ABD /* Resources */ = {
			isa = PBXResourcesBuildPhase;
			buildActionMask = 2147483647;
			files = (
			);
			runOnlyForDeploymentPostprocessing = 0;
		};
/* End PBXResourcesBuildPhase section */

/* Begin PBXShellScriptBuildPhase section */
		68E5E7101E9EA62094941928 /* Copy Pods Resources */ = {
			isa = PBXShellScriptBuildPhase;
			buildActionMask = 2147483647;
			files = (
			);
			inputPaths = (
			);
			name = "Copy Pods Resources";
			outputPaths = (
			);
			runOnlyForDeploymentPostprocessing = 0;
			shellPath = /bin/sh;
			shellScript = "\"${SRCROOT}/Pods/Target Support Files/Pods-Auto Write/Pods-Auto Write-resources.sh\"\n";
			showEnvVarsInLog = 0;
		};
		C5B1B9F664C60519EE64D8EA /* Check Pods Manifest.lock */ = {
			isa = PBXShellScriptBuildPhase;
			buildActionMask = 2147483647;
			files = (
			);
			inputPaths = (
			);
			name = "Check Pods Manifest.lock";
			outputPaths = (
			);
			runOnlyForDeploymentPostprocessing = 0;
			shellPath = /bin/sh;
			shellScript = "diff \"${PODS_ROOT}/../Podfile.lock\" \"${PODS_ROOT}/Manifest.lock\" > /dev/null\nif [[ $? != 0 ]] ; then\n    cat << EOM\nerror: The sandbox is not in sync with the Podfile.lock. Run 'pod install' or update your CocoaPods installation.\nEOM\n    exit 1\nfi\n";
			showEnvVarsInLog = 0;
		};
/* End PBXShellScriptBuildPhase section */

/* Begin PBXSourcesBuildPhase section */
		991C2F021B3989F300892ABD /* Sources */ = {
			isa = PBXSourcesBuildPhase;
			buildActionMask = 2147483647;
			files = (
				99A391E91B4E244A00C18E40 /* LoginViewController.swift in Sources */,
				990B420B1B4FB521009241FE /* DashboardTableViewCell.swift in Sources */,
				9927855B1B5B6B2F0045BF6D /* CoreTextViewController.swift in Sources */,
				99A391E31B4BB10F00C18E40 /* CollectionViewController.swift in Sources */,
				99FEDB661B413BAB000FE88D /* AWSDynamoDB.swift in Sources */,
				992785571B5954D60045BF6D /* WSSliderNavbar.swift in Sources */,
				99FEDB681B414FA3000FE88D /* QuestionDB.swift in Sources */,
				999F4EE71B515A61009B4B6E /* ShowDocumentNavigationController.swift in Sources */,
				991C2F111B3989F300892ABD /* NewDocumentViewController.swift in Sources */,
				99FEDB601B3D0018000FE88D /* ShowDocumentDetailTableViewCell.swift in Sources */,
				99FEDB641B412201000FE88D /* DocumentDB.swift in Sources */,
				99EDD7B21B46720D00B00284 /* ShowDocumentTableViewCell.swift in Sources */,
				99A391E51B4BB32700C18E40 /* DownloadDocumentViewController.swift in Sources */,
				999F4EDF1B50DC84009B4B6E /* Reachability.m in Sources */,
				991C2F0F1B3989F300892ABD /* Auto_Write.xcdatamodeld in Sources */,
				99C5E8531B57617700011AE6 /* PrintingViewController.swift in Sources */,
				99FEDB5E1B3BEDA6000FE88D /* ShowDocumentDetailViewController.swift in Sources */,
				99D84AB11B4A6054003EDD9E /* EditDocumentViewController.swift in Sources */,
				99FEDB621B3D3C56000FE88D /* AWSCognitoCredentials.swift in Sources */,
				99EDD7AE1B466CDE00B00284 /* Questions.swift in Sources */,
				99A391E71B4BC91E00C18E40 /* DownloadDocumentCollectionViewCell.swift in Sources */,
				991C2F351B3A5E8700892ABD /* DashboardViewController.swift in Sources */,
				999F4EE51B511E8F009B4B6E /* TabBarController.swift in Sources */,
				99D105081B5F8747003BD200 /* WSPagePreview.swift in Sources */,
				99EDD7B01B46704800B00284 /* ShowDocumentViewController.swift in Sources */,
				992785591B595C970045BF6D /* Testing2ViewController.swift in Sources */,
				99EDD7A61B4662D400B00284 /* IntDate.swift in Sources */,
				991C2F0C1B3989F300892ABD /* AppDelegate.swift in Sources */,
				99EDD7AC1B466CDE00B00284 /* Documents.swift in Sources */,
				99BA15C01B3A734300352E6F /* NewDocumentSettingsTableViewController.swift in Sources */,
				999F4EE11B50F835009B4B6E /* ColorsPallete.swift in Sources */,
			);
			runOnlyForDeploymentPostprocessing = 0;
		};
		991C2F1A1B3989F400892ABD /* Sources */ = {
			isa = PBXSourcesBuildPhase;
			buildActionMask = 2147483647;
			files = (
				991C2F251B3989F400892ABD /* Auto_WriteTests.swift in Sources */,
			);
			runOnlyForDeploymentPostprocessing = 0;
		};
/* End PBXSourcesBuildPhase section */

/* Begin PBXTargetDependency section */
		991C2F201B3989F400892ABD /* PBXTargetDependency */ = {
			isa = PBXTargetDependency;
			target = 991C2F051B3989F300892ABD /* Auto Write */;
			targetProxy = 991C2F1F1B3989F400892ABD /* PBXContainerItemProxy */;
		};
/* End PBXTargetDependency section */

/* Begin PBXVariantGroup section */
		991C2F121B3989F300892ABD /* Main.storyboard */ = {
			isa = PBXVariantGroup;
			children = (
				991C2F131B3989F300892ABD /* Base */,
			);
			name = Main.storyboard;
			sourceTree = "<group>";
		};
		991C2F171B3989F300892ABD /* LaunchScreen.xib */ = {
			isa = PBXVariantGroup;
			children = (
				991C2F181B3989F300892ABD /* Base */,
			);
			name = LaunchScreen.xib;
			sourceTree = "<group>";
		};
/* End PBXVariantGroup section */

/* Begin XCBuildConfiguration section */
		991C2F261B3989F400892ABD /* Debug */ = {
			isa = XCBuildConfiguration;
			buildSettings = {
				ALWAYS_SEARCH_USER_PATHS = NO;
				CLANG_CXX_LANGUAGE_STANDARD = "gnu++0x";
				CLANG_CXX_LIBRARY = "libc++";
				CLANG_ENABLE_MODULES = YES;
				CLANG_ENABLE_OBJC_ARC = YES;
				CLANG_WARN_BOOL_CONVERSION = YES;
				CLANG_WARN_CONSTANT_CONVERSION = YES;
				CLANG_WARN_DIRECT_OBJC_ISA_USAGE = YES_ERROR;
				CLANG_WARN_EMPTY_BODY = YES;
				CLANG_WARN_ENUM_CONVERSION = YES;
				CLANG_WARN_INT_CONVERSION = YES;
				CLANG_WARN_OBJC_ROOT_CLASS = YES_ERROR;
				CLANG_WARN_UNREACHABLE_CODE = YES;
				CLANG_WARN__DUPLICATE_METHOD_MATCH = YES;
				"CODE_SIGN_IDENTITY[sdk=iphoneos*]" = "iPhone Developer";
				COPY_PHASE_STRIP = NO;
				DEBUG_INFORMATION_FORMAT = "dwarf-with-dsym";
				ENABLE_STRICT_OBJC_MSGSEND = YES;
				GCC_C_LANGUAGE_STANDARD = gnu99;
				GCC_DYNAMIC_NO_PIC = NO;
				GCC_NO_COMMON_BLOCKS = YES;
				GCC_OPTIMIZATION_LEVEL = 0;
				GCC_PREPROCESSOR_DEFINITIONS = (
					"DEBUG=1",
					"$(inherited)",
				);
				GCC_SYMBOLS_PRIVATE_EXTERN = NO;
				GCC_WARN_64_TO_32_BIT_CONVERSION = YES;
				GCC_WARN_ABOUT_RETURN_TYPE = YES_ERROR;
				GCC_WARN_UNDECLARED_SELECTOR = YES;
				GCC_WARN_UNINITIALIZED_AUTOS = YES_AGGRESSIVE;
				GCC_WARN_UNUSED_FUNCTION = YES;
				GCC_WARN_UNUSED_VARIABLE = YES;
				IPHONEOS_DEPLOYMENT_TARGET = 8.3;
				MTL_ENABLE_DEBUG_INFO = YES;
				ONLY_ACTIVE_ARCH = YES;
				SDKROOT = iphoneos;
				SWIFT_OPTIMIZATION_LEVEL = "-Onone";
			};
			name = Debug;
		};
		991C2F271B3989F400892ABD /* Release */ = {
			isa = XCBuildConfiguration;
			buildSettings = {
				ALWAYS_SEARCH_USER_PATHS = NO;
				CLANG_CXX_LANGUAGE_STANDARD = "gnu++0x";
				CLANG_CXX_LIBRARY = "libc++";
				CLANG_ENABLE_MODULES = YES;
				CLANG_ENABLE_OBJC_ARC = YES;
				CLANG_WARN_BOOL_CONVERSION = YES;
				CLANG_WARN_CONSTANT_CONVERSION = YES;
				CLANG_WARN_DIRECT_OBJC_ISA_USAGE = YES_ERROR;
				CLANG_WARN_EMPTY_BODY = YES;
				CLANG_WARN_ENUM_CONVERSION = YES;
				CLANG_WARN_INT_CONVERSION = YES;
				CLANG_WARN_OBJC_ROOT_CLASS = YES_ERROR;
				CLANG_WARN_UNREACHABLE_CODE = YES;
				CLANG_WARN__DUPLICATE_METHOD_MATCH = YES;
				"CODE_SIGN_IDENTITY[sdk=iphoneos*]" = "iPhone Developer";
				COPY_PHASE_STRIP = NO;
				DEBUG_INFORMATION_FORMAT = "dwarf-with-dsym";
				ENABLE_NS_ASSERTIONS = NO;
				ENABLE_STRICT_OBJC_MSGSEND = YES;
				GCC_C_LANGUAGE_STANDARD = gnu99;
				GCC_NO_COMMON_BLOCKS = YES;
				GCC_WARN_64_TO_32_BIT_CONVERSION = YES;
				GCC_WARN_ABOUT_RETURN_TYPE = YES_ERROR;
				GCC_WARN_UNDECLARED_SELECTOR = YES;
				GCC_WARN_UNINITIALIZED_AUTOS = YES_AGGRESSIVE;
				GCC_WARN_UNUSED_FUNCTION = YES;
				GCC_WARN_UNUSED_VARIABLE = YES;
				IPHONEOS_DEPLOYMENT_TARGET = 8.3;
				MTL_ENABLE_DEBUG_INFO = NO;
				SDKROOT = iphoneos;
				VALIDATE_PRODUCT = YES;
			};
			name = Release;
		};
		991C2F291B3989F400892ABD /* Debug */ = {
			isa = XCBuildConfiguration;
			baseConfigurationReference = F49D6271056093B81A8EC73F /* Pods-Auto Write.debug.xcconfig */;
			buildSettings = {
				ASSETCATALOG_COMPILER_APPICON_NAME = AppIcon;
				CLANG_ENABLE_MODULES = YES;
				CODE_SIGN_IDENTITY = "iPhone Developer";
				"CODE_SIGN_IDENTITY[sdk=iphoneos*]" = "iPhone Developer";
				FRAMEWORK_SEARCH_PATHS = (
					"$(inherited)",
					"$(PROJECT_DIR)",
				);
				INFOPLIST_FILE = "Auto Write/Info.plist";
				IPHONEOS_DEPLOYMENT_TARGET = 8.4;
				LD_RUNPATH_SEARCH_PATHS = "$(inherited) @executable_path/Frameworks $(CONFIGURATION_BUILD_DIR)";
				LIBRARY_SEARCH_PATHS = (
					"$(inherited)",
					"$(PROJECT_DIR)/build/Debug-iphoneos",
				);
				PRODUCT_NAME = "$(TARGET_NAME)";
				PROVISIONING_PROFILE = "";
				SWIFT_OBJC_BRIDGING_HEADER = "Auto Write/Auto Write-Bridging-Header.h";
				SWIFT_OPTIMIZATION_LEVEL = "-Onone";
			};
			name = Debug;
		};
		991C2F2A1B3989F400892ABD /* Release */ = {
			isa = XCBuildConfiguration;
			baseConfigurationReference = CE1DE9973485679C3135A40D /* Pods-Auto Write.release.xcconfig */;
			buildSettings = {
				ASSETCATALOG_COMPILER_APPICON_NAME = AppIcon;
				CLANG_ENABLE_MODULES = YES;
				CODE_SIGN_IDENTITY = "iPhone Developer";
				"CODE_SIGN_IDENTITY[sdk=iphoneos*]" = "iPhone Developer";
				FRAMEWORK_SEARCH_PATHS = (
					"$(inherited)",
					"$(PROJECT_DIR)",
				);
				INFOPLIST_FILE = "Auto Write/Info.plist";
				IPHONEOS_DEPLOYMENT_TARGET = 8.4;
				LD_RUNPATH_SEARCH_PATHS = "$(inherited) @executable_path/Frameworks $(CONFIGURATION_BUILD_DIR)";
				LIBRARY_SEARCH_PATHS = (
					"$(inherited)",
					"$(PROJECT_DIR)/build/Debug-iphoneos",
				);
				PRODUCT_NAME = "$(TARGET_NAME)";
				PROVISIONING_PROFILE = "";
				SWIFT_OBJC_BRIDGING_HEADER = "Auto Write/Auto Write-Bridging-Header.h";
			};
			name = Release;
		};
		991C2F2C1B3989F400892ABD /* Debug */ = {
			isa = XCBuildConfiguration;
			buildSettings = {
				BUNDLE_LOADER = "$(TEST_HOST)";
				FRAMEWORK_SEARCH_PATHS = (
					"$(SDKROOT)/Developer/Library/Frameworks",
					"$(inherited)",
				);
				GCC_PREPROCESSOR_DEFINITIONS = (
					"DEBUG=1",
					"$(inherited)",
				);
				INFOPLIST_FILE = "Auto WriteTests/Info.plist";
				LD_RUNPATH_SEARCH_PATHS = "$(inherited) @executable_path/Frameworks @loader_path/Frameworks";
				PRODUCT_NAME = "$(TARGET_NAME)";
				TEST_HOST = "$(BUILT_PRODUCTS_DIR)/Auto Write.app/Auto Write";
			};
			name = Debug;
		};
		991C2F2D1B3989F400892ABD /* Release */ = {
			isa = XCBuildConfiguration;
			buildSettings = {
				BUNDLE_LOADER = "$(TEST_HOST)";
				FRAMEWORK_SEARCH_PATHS = (
					"$(SDKROOT)/Developer/Library/Frameworks",
					"$(inherited)",
				);
				INFOPLIST_FILE = "Auto WriteTests/Info.plist";
				LD_RUNPATH_SEARCH_PATHS = "$(inherited) @executable_path/Frameworks @loader_path/Frameworks";
				PRODUCT_NAME = "$(TARGET_NAME)";
				TEST_HOST = "$(BUILT_PRODUCTS_DIR)/Auto Write.app/Auto Write";
			};
			name = Release;
		};
/* End XCBuildConfiguration section */

/* Begin XCConfigurationList section */
		991C2F011B3989F300892ABD /* Build configuration list for PBXProject "Auto Write" */ = {
			isa = XCConfigurationList;
			buildConfigurations = (
				991C2F261B3989F400892ABD /* Debug */,
				991C2F271B3989F400892ABD /* Release */,
			);
			defaultConfigurationIsVisible = 0;
			defaultConfigurationName = Release;
		};
		991C2F281B3989F400892ABD /* Build configuration list for PBXNativeTarget "Auto Write" */ = {
			isa = XCConfigurationList;
			buildConfigurations = (
				991C2F291B3989F400892ABD /* Debug */,
				991C2F2A1B3989F400892ABD /* Release */,
			);
			defaultConfigurationIsVisible = 0;
			defaultConfigurationName = Release;
		};
		991C2F2B1B3989F400892ABD /* Build configuration list for PBXNativeTarget "Auto WriteTests" */ = {
			isa = XCConfigurationList;
			buildConfigurations = (
				991C2F2C1B3989F400892ABD /* Debug */,
				991C2F2D1B3989F400892ABD /* Release */,
			);
			defaultConfigurationIsVisible = 0;
			defaultConfigurationName = Release;
		};
/* End XCConfigurationList section */

/* Begin XCVersionGroup section */
		991C2F0D1B3989F300892ABD /* Auto_Write.xcdatamodeld */ = {
			isa = XCVersionGroup;
			children = (
				991C2F0E1B3989F300892ABD /* Auto_Write.xcdatamodel */,
			);
			currentVersion = 991C2F0E1B3989F300892ABD /* Auto_Write.xcdatamodel */;
			path = Auto_Write.xcdatamodeld;
			sourceTree = "<group>";
			versionGroupType = wrapper.xcdatamodel;
		};
/* End XCVersionGroup section */
	};
	rootObject = 991C2EFE1B3989F300892ABD /* Project object */;
}
